
Microsoft Visual Studio Solution File, Format Version 12.00
# Visual Studio Version 17
VisualStudioVersion = 17.12.35527.113 d17.12
MinimumVisualStudioVersion = 10.0.40219.1
Project("{2150E333-8FDC-42A3-9474-1A3956D46DE8}") = "01.Clients", "01.Clients", "{D9362E7B-A192-4024-9A27-A471B2DE89B8}"
EndProject
Project("{2150E333-8FDC-42A3-9474-1A3956D46DE8}") = "02.ApiGateway", "02.ApiGateway", "{9AE46762-C0CD-43A2-8103-39CD61D5496E}"
EndProject
Project("{2150E333-8FDC-42A3-9474-1A3956D46DE8}") = "03.MicroServices", "03.MicroServices", "{19AE66AF-2511-4E49-B500-998B902590B7}"
EndProject
Project("{2150E333-8FDC-42A3-9474-1A3956D46DE8}") = "01.Identity", "01.Identity", "{F92902FF-0537-467B-842F-D27139C0206E}"
EndProject
Project("{2150E333-8FDC-42A3-9474-1A3956D46DE8}") = "02.Catalog", "02.Catalog", "{D4B1AE7D-8DBF-460D-9F33-F10B6C6A86BE}"
EndProject
Project("{2150E333-8FDC-42A3-9474-1A3956D46DE8}") = "03.Customer", "03.Customer", "{093A9050-7250-458E-BE6F-FE4C541A3377}"
EndProject
Project("{2150E333-8FDC-42A3-9474-1A3956D46DE8}") = "04.Order", "04.Order", "{D9506D09-EB80-402B-AC24-7937470F8CCD}"
EndProject
Project("{FAE04EC0-301F-11D3-BF4B-00C04F79EFBC}") = "Catalog.API", "src\Microservices\Catalog\Catalog.API\Catalog.API.csproj", "{EA726192-594F-4108-9920-B4279E89D35A}"
EndProject
Project("{2150E333-8FDC-42A3-9474-1A3956D46DE8}") = "Common", "Common", "{7EE3B392-3FD6-42DB-973B-4E0386E84C83}"
EndProject
Project("{FAE04EC0-301F-11D3-BF4B-00C04F79EFBC}") = "Common", "src\Microservices\Common\Common\Common.csproj", "{E126CA1D-E0FA-46FA-B3C4-BEB9833D7012}"
EndProject
Global
	GlobalSection(SolutionConfigurationPlatforms) = preSolution
		Debug|Any CPU = Debug|Any CPU
		Release|Any CPU = Release|Any CPU
	EndGlobalSection
	GlobalSection(ProjectConfigurationPlatforms) = postSolution
		{EA726192-594F-4108-9920-B4279E89D35A}.Debug|Any CPU.ActiveCfg = Debug|Any CPU
		{EA726192-594F-4108-9920-B4279E89D35A}.Debug|Any CPU.Build.0 = Debug|Any CPU
		{EA726192-594F-4108-9920-B4279E89D35A}.Release|Any CPU.ActiveCfg = Release|Any CPU
		{EA726192-594F-4108-9920-B4279E89D35A}.Release|Any CPU.Build.0 = Release|Any CPU
		{E126CA1D-E0FA-46FA-B3C4-BEB9833D7012}.Debug|Any CPU.ActiveCfg = Debug|Any CPU
		{E126CA1D-E0FA-46FA-B3C4-BEB9833D7012}.Debug|Any CPU.Build.0 = Debug|Any CPU
		{E126CA1D-E0FA-46FA-B3C4-BEB9833D7012}.Release|Any CPU.ActiveCfg = Release|Any CPU
		{E126CA1D-E0FA-46FA-B3C4-BEB9833D7012}.Release|Any CPU.Build.0 = Release|Any CPU
	EndGlobalSection
	GlobalSection(SolutionProperties) = preSolution
		HideSolutionNode = FALSE
	EndGlobalSection
	GlobalSection(NestedProjects) = preSolution
		{F92902FF-0537-467B-842F-D27139C0206E} = {19AE66AF-2511-4E49-B500-998B902590B7}
		{D4B1AE7D-8DBF-460D-9F33-F10B6C6A86BE} = {19AE66AF-2511-4E49-B500-998B902590B7}
		{093A9050-7250-458E-BE6F-FE4C541A3377} = {19AE66AF-2511-4E49-B500-998B902590B7}
		{D9506D09-EB80-402B-AC24-7937470F8CCD} = {19AE66AF-2511-4E49-B500-998B902590B7}
		{EA726192-594F-4108-9920-B4279E89D35A} = {D4B1AE7D-8DBF-460D-9F33-F10B6C6A86BE}
		{7EE3B392-3FD6-42DB-973B-4E0386E84C83} = {19AE66AF-2511-4E49-B500-998B902590B7}
		{E126CA1D-E0FA-46FA-B3C4-BEB9833D7012} = {7EE3B392-3FD6-42DB-973B-4E0386E84C83}
	EndGlobalSection
EndGlobal
